{
  "name": "modular-synth",
  "version": "0.0.0",
  "lockfileVersion": 1,
  "requires": true,
  "dependencies": {
    "fsevents": {
      "version": "2.3.2",
      "resolved": "https://registry.npmjs.org/fsevents/-/fsevents-2.3.2.tgz",
      "integrity": "sha512-xiqMQR4xAeHTuB9uWm+fFRcIOgKBMiOBP+eXiyT7jsgVCq1bkVygt00oASowB7EdtpOHaaPgKt812P9ab+DDKA==",
      "dev": true,
      "optional": true
    },
    "preact": {
      "version": "10.5.12",
      "resolved": "https://registry.npmjs.org/preact/-/preact-10.5.12.tgz",
      "integrity": "sha512-r6siDkuD36oszwlCkcqDJCAKBQxGoeEGytw2DGMD5A/GGdu5Tymw+N2OBXwvOLxg6d1FeY8MgMV3cc5aVQo4Cg=="
    },
    "wmr": {
      "version": "1.3.2",
      "resolved": "https://registry.npmjs.org/wmr/-/wmr-1.3.2.tgz",
      "integrity": "sha512-XOj9OXpQ9LsZJPQSdo5poiielifmXMp3QF2DxFdmu01LxT0ohd6iqPi9Qj3eqExH3O9srD1yG/HOwxQRAly0Wg==",
      "dev": true,
      "requires": {
        "fsevents": "^2.1.3"
      }
    }
  }
}
